
Microsoft Visual Studio Solution File, Format Version 12.00
Project("{FAE04EC0-301F-11D3-BF4B-00C04F79EFBC}") = "Clock", "Clock\Clock.csproj", "{BDCC1571-D55F-4855-85F8-DD8DBC12DEF0}"
EndProject
Project("{FAE04EC0-301F-11D3-BF4B-00C04F79EFBC}") = "Tests", "Tests\Tests.csproj", "{5EB8D87B-1496-4D54-858E-079F420DF359}"
EndProject
Project("{FAE04EC0-301F-11D3-BF4B-00C04F79EFBC}") = "ClockTesting", "ClockTesting\ClockTesting.csproj", "{19D33FBE-1851-436F-AB39-B4D45B2603F1}"
EndProject
Project("{FAE04EC0-301F-11D3-BF4B-00C04F79EFBC}") = "ClockAnalyser", "ClockAnalyser\ClockAnalyser.csproj", "{DEE47889-6409-4064-9C25-80A28D501C7E}"
EndProject
Global
	GlobalSection(SolutionConfigurationPlatforms) = preSolution
		Debug|Any CPU = Debug|Any CPU
		Release|Any CPU = Release|Any CPU
	EndGlobalSection
	GlobalSection(ProjectConfigurationPlatforms) = postSolution
		{BDCC1571-D55F-4855-85F8-DD8DBC12DEF0}.Debug|Any CPU.ActiveCfg = Debug|Any CPU
		{BDCC1571-D55F-4855-85F8-DD8DBC12DEF0}.Debug|Any CPU.Build.0 = Debug|Any CPU
		{BDCC1571-D55F-4855-85F8-DD8DBC12DEF0}.Release|Any CPU.ActiveCfg = Release|Any CPU
		{BDCC1571-D55F-4855-85F8-DD8DBC12DEF0}.Release|Any CPU.Build.0 = Release|Any CPU
		{5EB8D87B-1496-4D54-858E-079F420DF359}.Debug|Any CPU.ActiveCfg = Debug|Any CPU
		{5EB8D87B-1496-4D54-858E-079F420DF359}.Debug|Any CPU.Build.0 = Debug|Any CPU
		{5EB8D87B-1496-4D54-858E-079F420DF359}.Release|Any CPU.ActiveCfg = Release|Any CPU
		{5EB8D87B-1496-4D54-858E-079F420DF359}.Release|Any CPU.Build.0 = Release|Any CPU
		{19D33FBE-1851-436F-AB39-B4D45B2603F1}.Debug|Any CPU.ActiveCfg = Debug|Any CPU
		{19D33FBE-1851-436F-AB39-B4D45B2603F1}.Debug|Any CPU.Build.0 = Debug|Any CPU
		{19D33FBE-1851-436F-AB39-B4D45B2603F1}.Release|Any CPU.ActiveCfg = Release|Any CPU
		{19D33FBE-1851-436F-AB39-B4D45B2603F1}.Release|Any CPU.Build.0 = Release|Any CPU
		{DEE47889-6409-4064-9C25-80A28D501C7E}.Debug|Any CPU.ActiveCfg = Debug|Any CPU
		{DEE47889-6409-4064-9C25-80A28D501C7E}.Debug|Any CPU.Build.0 = Debug|Any CPU
		{DEE47889-6409-4064-9C25-80A28D501C7E}.Release|Any CPU.ActiveCfg = Release|Any CPU
		{DEE47889-6409-4064-9C25-80A28D501C7E}.Release|Any CPU.Build.0 = Release|Any CPU
	EndGlobalSection
EndGlobal
